{
  "version": 4,
  "terraform_version": "1.12.2",
  "serial": 8,
  "lineage": "b1467def-5f91-45ea-a175-92fdfe9926b1",
  "outputs": {},
  "resources": [
    {
      "mode": "managed",
      "type": "kubectl_manifest",
      "name": "karpenter_crds",
      "provider": "provider[\"registry.terraform.io/gavinbunney/kubectl\"]",
      "instances": [
        {
          "schema_version": 1,
          "attributes": {
            "api_version": "apiextensions.k8s.io/v1",
            "apply_only": false,
            "force_conflicts": false,
            "force_new": false,
            "id": "/apis/apiextensions.k8s.io/v1/customresourcedefinitions/provisioners.karpenter.sh",
            "ignore_fields": null,
            "kind": "CustomResourceDefinition",
            "live_manifest_incluster": "bbe43f26ba852cc5b87426b61561a43f02c7588c1fa628cf8a91de08a78d7afa",
            "live_uid": "c7379c6d-9358-4123-8e87-86e154e54e75",
            "name": "provisioners.karpenter.sh",
            "namespace": null,
            "override_namespace": null,
            "sensitive_fields": null,
            "server_side_apply": false,
            "timeouts": null,
            "uid": "c7379c6d-9358-4123-8e87-86e154e54e75",
            "validate_schema": true,
            "wait": null,
            "wait_for_rollout": true,
            "yaml_body": "apiVersion: apiextensions.k8s.io/v1\nkind: CustomResourceDefinition\nmetadata:\n  name: provisioners.karpenter.sh\nspec:\n  group: karpenter.sh\n  names:\n    kind: Provisioner\n    plural: provisioners\n    singular: provisioner\n  scope: Cluster\n  versions:\n    - name: v1alpha5\n      served: true\n      storage: true\n      schema:\n        openAPIV3Schema:\n          type: object\n          properties:\n            spec:\n              type: object\n            status:\n              type: object\n",
            "yaml_body_parsed": "apiVersion: apiextensions.k8s.io/v1\nkind: CustomResourceDefinition\nmetadata:\n  name: provisioners.karpenter.sh\nspec:\n  group: karpenter.sh\n  names:\n    kind: Provisioner\n    plural: provisioners\n    singular: provisioner\n  scope: Cluster\n  versions:\n  - name: v1alpha5\n    schema:\n      openAPIV3Schema:\n        properties:\n          spec:\n            type: object\n          status:\n            type: object\n        type: object\n    served: true\n    storage: true\n",
            "yaml_incluster": "bbe43f26ba852cc5b87426b61561a43f02c7588c1fa628cf8a91de08a78d7afa"
          },
          "sensitive_attributes": [
            [
              {
                "type": "get_attr",
                "value": "live_manifest_incluster"
              }
            ],
            [
              {
                "type": "get_attr",
                "value": "yaml_body"
              }
            ],
            [
              {
                "type": "get_attr",
                "value": "yaml_incluster"
              }
            ]
          ],
          "identity_schema_version": 0,
          "private": "eyJlMmJmYjczMC1lY2FhLTExZTYtOGY4OC0zNDM2M2JjN2M0YzAiOnsiY3JlYXRlIjo2MDAwMDAwMDAwMDB9LCJzY2hlbWFfdmVyc2lvbiI6IjEifQ==",
          "dependencies": [
            "kubectl_manifest.karpenter_ns"
          ]
        }
      ]
    },
    {
      "mode": "managed",
      "type": "kubectl_manifest",
      "name": "karpenter_ns",
      "provider": "provider[\"registry.terraform.io/gavinbunney/kubectl\"]",
      "instances": [
        {
          "schema_version": 1,
          "attributes": {
            "api_version": "v1",
            "apply_only": false,
            "force_conflicts": false,
            "force_new": false,
            "id": "/api/v1/namespaces/karpenter",
            "ignore_fields": null,
            "kind": "Namespace",
            "live_manifest_incluster": "29b65a7a278c36b768d2e44099c83a25b7e818396d39296ededcf5f7a117f9cc",
            "live_uid": "e3d894fd-3128-44ca-88fa-f4c67a3e7e98",
            "name": "karpenter",
            "namespace": null,
            "override_namespace": null,
            "sensitive_fields": null,
            "server_side_apply": false,
            "timeouts": null,
            "uid": "e3d894fd-3128-44ca-88fa-f4c67a3e7e98",
            "validate_schema": true,
            "wait": null,
            "wait_for_rollout": true,
            "yaml_body": "apiVersion: v1\nkind: Namespace\nmetadata:\n  name: karpenter\n",
            "yaml_body_parsed": "apiVersion: v1\nkind: Namespace\nmetadata:\n  name: karpenter\n",
            "yaml_incluster": "29b65a7a278c36b768d2e44099c83a25b7e818396d39296ededcf5f7a117f9cc"
          },
          "sensitive_attributes": [
            [
              {
                "type": "get_attr",
                "value": "live_manifest_incluster"
              }
            ],
            [
              {
                "type": "get_attr",
                "value": "yaml_body"
              }
            ],
            [
              {
                "type": "get_attr",
                "value": "yaml_incluster"
              }
            ]
          ],
          "identity_schema_version": 0,
          "private": "eyJlMmJmYjczMC1lY2FhLTExZTYtOGY4OC0zNDM2M2JjN2M0YzAiOnsiY3JlYXRlIjo2MDAwMDAwMDAwMDB9LCJzY2hlbWFfdmVyc2lvbiI6IjEifQ=="
        }
      ]
    }
  ],
  "check_results": null
}
